// !$*UTF8*$!
{
	archiveVersion = 1;
	classes = {
	};
	objectVersion = 50;
	objects = {

/* Begin PBXBuildFile section */
		6033299E234BB4870013C9E3 /* AppDelegate.swift in Sources */ = {isa = PBXBuildFile; fileRef = 6033299D234BB4870013C9E3 /* AppDelegate.swift */; };
		603329A0234BB4880013C9E3 /* art.scnassets in Resources */ = {isa = PBXBuildFile; fileRef = 6033299F234BB4880013C9E3 /* art.scnassets */; };
		603329A2234BB4880013C9E3 /* ViewController.swift in Sources */ = {isa = PBXBuildFile; fileRef = 603329A1234BB4880013C9E3 /* ViewController.swift */; };
		603329A5234BB4880013C9E3 /* Main.storyboard in Resources */ = {isa = PBXBuildFile; fileRef = 603329A3234BB4880013C9E3 /* Main.storyboard */; };
		603329A7234BB48E0013C9E3 /* Assets.xcassets in Resources */ = {isa = PBXBuildFile; fileRef = 603329A6234BB48E0013C9E3 /* Assets.xcassets */; };
		603329AA234BB48E0013C9E3 /* LaunchScreen.storyboard in Resources */ = {isa = PBXBuildFile; fileRef = 603329A8234BB48E0013C9E3 /* LaunchScreen.storyboard */; };
		603329B5234BB48E0013C9E3 /* arkit_sliderTests.swift in Sources */ = {isa = PBXBuildFile; fileRef = 603329B4234BB48E0013C9E3 /* arkit_sliderTests.swift */; };
		603329C0234BB48E0013C9E3 /* arkit_sliderUITests.swift in Sources */ = {isa = PBXBuildFile; fileRef = 603329BF234BB48E0013C9E3 /* arkit_sliderUITests.swift */; };
/* End PBXBuildFile section */

/* Begin PBXContainerItemProxy section */
		603329B1234BB48E0013C9E3 /* PBXContainerItemProxy */ = {
			isa = PBXContainerItemProxy;
			containerPortal = 60332992234BB4870013C9E3 /* Project object */;
			proxyType = 1;
			remoteGlobalIDString = 60332999234BB4870013C9E3;
			remoteInfo = arkit_slider;
		};
		603329BC234BB48E0013C9E3 /* PBXContainerItemProxy */ = {
			isa = PBXContainerItemProxy;
			containerPortal = 60332992234BB4870013C9E3 /* Project object */;
			proxyType = 1;
			remoteGlobalIDString = 60332999234BB4870013C9E3;
			remoteInfo = arkit_slider;
		};
/* End PBXContainerItemProxy section */

/* Begin PBXFileReference section */
		6033299A234BB4870013C9E3 /* arkit_slider.app */ = {isa = PBXFileReference; explicitFileType = wrapper.application; includeInIndex = 0; path = arkit_slider.app; sourceTree = BUILT_PRODUCTS_DIR; };
		6033299D234BB4870013C9E3 /* AppDelegate.swift */ = {isa = PBXFileReference; lastKnownFileType = sourcecode.swift; path = AppDelegate.swift; sourceTree = "<group>"; };
		6033299F234BB4880013C9E3 /* art.scnassets */ = {isa = PBXFileReference; lastKnownFileType = wrapper.scnassets; path = art.scnassets; sourceTree = "<group>"; };
		603329A1234BB4880013C9E3 /* ViewController.swift */ = {isa = PBXFileReference; lastKnownFileType = sourcecode.swift; path = ViewController.swift; sourceTree = "<group>"; };
		603329A4234BB4880013C9E3 /* Base */ = {isa = PBXFileReference; lastKnownFileType = file.storyboard; name = Base; path = Base.lproj/Main.storyboard; sourceTree = "<group>"; };
		603329A6234BB48E0013C9E3 /* Assets.xcassets */ = {isa = PBXFileReference; lastKnownFileType = folder.assetcatalog; path = Assets.xcassets; sourceTree = "<group>"; };
		603329A9234BB48E0013C9E3 /* Base */ = {isa = PBXFileReference; lastKnownFileType = file.storyboard; name = Base; path = Base.lproj/LaunchScreen.storyboard; sourceTree = "<group>"; };
		603329AB234BB48E0013C9E3 /* Info.plist */ = {isa = PBXFileReference; lastKnownFileType = text.plist.xml; path = Info.plist; sourceTree = "<group>"; };
		603329B0234BB48E0013C9E3 /* arkit_sliderTests.xctest */ = {isa = PBXFileReference; explicitFileType = wrapper.cfbundle; includeInIndex = 0; path = arkit_sliderTests.xctest; sourceTree = BUILT_PRODUCTS_DIR; };
		603329B4234BB48E0013C9E3 /* arkit_sliderTests.swift */ = {isa = PBXFileReference; lastKnownFileType = sourcecode.swift; path = arkit_sliderTests.swift; sourceTree = "<group>"; };
		603329B6234BB48E0013C9E3 /* Info.plist */ = {isa = PBXFileReference; lastKnownFileType = text.plist.xml; path = Info.plist; sourceTree = "<group>"; };
		603329BB234BB48E0013C9E3 /* arkit_sliderUITests.xctest */ = {isa = PBXFileReference; explicitFileType = wrapper.cfbundle; includeInIndex = 0; path = arkit_sliderUITests.xctest; sourceTree = BUILT_PRODUCTS_DIR; };
		603329BF234BB48E0013C9E3 /* arkit_sliderUITests.swift */ = {isa = PBXFileReference; lastKnownFileType = sourcecode.swift; path = arkit_sliderUITests.swift; sourceTree = "<group>"; };
		603329C1234BB48E0013C9E3 /* Info.plist */ = {isa = PBXFileReference; lastKnownFileType = text.plist.xml; path = Info.plist; sourceTree = "<group>"; };
/* End PBXFileReference section */

/* Begin PBXFrameworksBuildPhase section */
		60332997234BB4870013C9E3 /* Frameworks */ = {
			isa = PBXFrameworksBuildPhase;
			buildActionMask = 2147483647;
			files = (
			);
			runOnlyForDeploymentPostprocessing = 0;
		};
		603329AD234BB48E0013C9E3 /* Frameworks */ = {
			isa = PBXFrameworksBuildPhase;
			buildActionMask = 2147483647;
			files = (
			);
			runOnlyForDeploymentPostprocessing = 0;
		};
		603329B8234BB48E0013C9E3 /* Frameworks */ = {
			isa = PBXFrameworksBuildPhase;
			buildActionMask = 2147483647;
			files = (
			);
			runOnlyForDeploymentPostprocessing = 0;
		};
/* End PBXFrameworksBuildPhase section */

/* Begin PBXGroup section */
		60332991234BB4870013C9E3 = {
			isa = PBXGroup;
			children = (
				6033299C234BB4870013C9E3 /* arkit_slider */,
				603329B3234BB48E0013C9E3 /* arkit_sliderTests */,
				603329BE234BB48E0013C9E3 /* arkit_sliderUITests */,
				6033299B234BB4870013C9E3 /* Products */,
			);
			sourceTree = "<group>";
		};
		6033299B234BB4870013C9E3 /* Products */ = {
			isa = PBXGroup;
			children = (
				6033299A234BB4870013C9E3 /* arkit_slider.app */,
				603329B0234BB48E0013C9E3 /* arkit_sliderTests.xctest */,
				603329BB234BB48E0013C9E3 /* arkit_sliderUITests.xctest */,
			);
			name = Products;
			sourceTree = "<group>";
		};
		6033299C234BB4870013C9E3 /* arkit_slider */ = {
			isa = PBXGroup;
			children = (
				6033299D234BB4870013C9E3 /* AppDelegate.swift */,
				6033299F234BB4880013C9E3 /* art.scnassets */,
				603329A1234BB4880013C9E3 /* ViewController.swift */,
				603329A3234BB4880013C9E3 /* Main.storyboard */,
				603329A6234BB48E0013C9E3 /* Assets.xcassets */,
				603329A8234BB48E0013C9E3 /* LaunchScreen.storyboard */,
				603329AB234BB48E0013C9E3 /* Info.plist */,
			);
			path = arkit_slider;
			sourceTree = "<group>";
		};
		603329B3234BB48E0013C9E3 /* arkit_sliderTests */ = {
			isa = PBXGroup;
			children = (
				603329B4234BB48E0013C9E3 /* arkit_sliderTests.swift */,
				603329B6234BB48E0013C9E3 /* Info.plist */,
			);
			path = arkit_sliderTests;
			sourceTree = "<group>";
		};
		603329BE234BB48E0013C9E3 /* arkit_sliderUITests */ = {
			isa = PBXGroup;
			children = (
				603329BF234BB48E0013C9E3 /* arkit_sliderUITests.swift */,
				603329C1234BB48E0013C9E3 /* Info.plist */,
			);
			path = arkit_sliderUITests;
			sourceTree = "<group>";
		};
/* End PBXGroup section */

/* Begin PBXNativeTarget section */
		60332999234BB4870013C9E3 /* arkit_slider */ = {
			isa = PBXNativeTarget;
			buildConfigurationList = 603329C4234BB48E0013C9E3 /* Build configuration list for PBXNativeTarget "arkit_slider" */;
			buildPhases = (
				60332996234BB4870013C9E3 /* Sources */,
				60332997234BB4870013C9E3 /* Frameworks */,
				60332998234BB4870013C9E3 /* Resources */,
			);
			buildRules = (
			);
			dependencies = (
			);
			name = arkit_slider;
			productName = arkit_slider;
			productReference = 6033299A234BB4870013C9E3 /* arkit_slider.app */;
			productType = "com.apple.product-type.application";
		};
		603329AF234BB48E0013C9E3 /* arkit_sliderTests */ = {
			isa = PBXNativeTarget;
			buildConfigurationList = 603329C7234BB48E0013C9E3 /* Build configuration list for PBXNativeTarget "arkit_sliderTests" */;
			buildPhases = (
				603329AC234BB48E0013C9E3 /* Sources */,
				603329AD234BB48E0013C9E3 /* Frameworks */,
				603329AE234BB48E0013C9E3 /* Resources */,
			);
			buildRules = (
			);
			dependencies = (
				603329B2234BB48E0013C9E3 /* PBXTargetDependency */,
			);
			name = arkit_sliderTests;
			productName = arkit_sliderTests;
			productReference = 603329B0234BB48E0013C9E3 /* arkit_sliderTests.xctest */;
			productType = "com.apple.product-type.bundle.unit-test";
		};
		603329BA234BB48E0013C9E3 /* arkit_sliderUITests */ = {
			isa = PBXNativeTarget;
			buildConfigurationList = 603329CA234BB48E0013C9E3 /* Build configuration list for PBXNativeTarget "arkit_sliderUITests" */;
			buildPhases = (
				603329B7234BB48E0013C9E3 /* Sources */,
				603329B8234BB48E0013C9E3 /* Frameworks */,
				603329B9234BB48E0013C9E3 /* Resources */,
			);
			buildRules = (
			);
			dependencies = (
				603329BD234BB48E0013C9E3 /* PBXTargetDependency */,
			);
			name = arkit_sliderUITests;
			productName = arkit_sliderUITests;
			productReference = 603329BB234BB48E0013C9E3 /* arkit_sliderUITests.xctest */;
			productType = "com.apple.product-type.bundle.ui-testing";
		};
/* End PBXNativeTarget section */

/* Begin PBXProject section */
		60332992234BB4870013C9E3 /* Project object */ = {
			isa = PBXProject;
			attributes = {
				LastSwiftUpdateCheck = 1100;
				LastUpgradeCheck = 1100;
				ORGANIZATIONNAME = ksk;
				TargetAttributes = {
					60332999234BB4870013C9E3 = {
						CreatedOnToolsVersion = 11.0;
					};
					603329AF234BB48E0013C9E3 = {
						CreatedOnToolsVersion = 11.0;
						TestTargetID = 60332999234BB4870013C9E3;
					};
					603329BA234BB48E0013C9E3 = {
						CreatedOnToolsVersion = 11.0;
						TestTargetID = 60332999234BB4870013C9E3;
					};
				};
			};
			buildConfigurationList = 60332995234BB4870013C9E3 /* Build configuration list for PBXProject "arkit_slider" */;
			compatibilityVersion = "Xcode 9.3";
			developmentRegion = en;
			hasScannedForEncodings = 0;
			knownRegions = (
				en,
				Base,
			);
			mainGroup = 60332991234BB4870013C9E3;
			productRefGroup = 6033299B234BB4870013C9E3 /* Products */;
			projectDirPath = "";
			projectRoot = "";
			targets = (
				60332999234BB4870013C9E3 /* arkit_slider */,
				603329AF234BB48E0013C9E3 /* arkit_sliderTests */,
				603329BA234BB48E0013C9E3 /* arkit_sliderUITests */,
			);
		};
/* End PBXProject section */

/* Begin PBXResourcesBuildPhase section */
		60332998234BB4870013C9E3 /* Resources */ = {
			isa = PBXResourcesBuildPhase;
			buildActionMask = 2147483647;
			files = (
				603329A0234BB4880013C9E3 /* art.scnassets in Resources */,
				603329AA234BB48E0013C9E3 /* LaunchScreen.storyboard in Resources */,
				603329A7234BB48E0013C9E3 /* Assets.xcassets in Resources */,
				603329A5234BB4880013C9E3 /* Main.storyboard in Resources */,
			);
			runOnlyForDeploymentPostprocessing = 0;
		};
		603329AE234BB48E0013C9E3 /* Resources */ = {
			isa = PBXResourcesBuildPhase;
			buildActionMask = 2147483647;
			files = (
			);
			runOnlyForDeploymentPostprocessing = 0;
		};
		603329B9234BB48E0013C9E3 /* Resources */ = {
			isa = PBXResourcesBuildPhase;
			buildActionMask = 2147483647;
			files = (
			);
			runOnlyForDeploymentPostprocessing = 0;
		};
/* End PBXResourcesBuildPhase section */

/* Begin PBXSourcesBuildPhase section */
		60332996234BB4870013C9E3 /* Sources */ = {
			isa = PBXSourcesBuildPhase;
			buildActionMask = 2147483647;
			files = (
				603329A2234BB4880013C9E3 /* ViewController.swift in Sources */,
				6033299E234BB4870013C9E3 /* AppDelegate.swift in Sources */,
			);
			runOnlyForDeploymentPostprocessing = 0;
		};
		603329AC234BB48E0013C9E3 /* Sources */ = {
			isa = PBXSourcesBuildPhase;
			buildActionMask = 2147483647;
			files = (
				603329B5234BB48E0013C9E3 /* arkit_sliderTests.swift in Sources */,
			);
			runOnlyForDeploymentPostprocessing = 0;
		};
		603329B7234BB48E0013C9E3 /* Sources */ = {
			isa = PBXSourcesBuildPhase;
			buildActionMask = 2147483647;
			files = (
				603329C0234BB48E0013C9E3 /* arkit_sliderUITests.swift in Sources */,
			);
			runOnlyForDeploymentPostprocessing = 0;
		};
/* End PBXSourcesBuildPhase section */

/* Begin PBXTargetDependency section */
		603329B2234BB48E0013C9E3 /* PBXTargetDependency */ = {
			isa = PBXTargetDependency;
			target = 60332999234BB4870013C9E3 /* arkit_slider */;
			targetProxy = 603329B1234BB48E0013C9E3 /* PBXContainerItemProxy */;
		};
		603329BD234BB48E0013C9E3 /* PBXTargetDependency */ = {
			isa = PBXTargetDependency;
			target = 60332999234BB4870013C9E3 /* arkit_slider */;
			targetProxy = 603329BC234BB48E0013C9E3 /* PBXContainerItemProxy */;
		};
/* End PBXTargetDependency section */

/* Begin PBXVariantGroup section */
		603329A3234BB4880013C9E3 /* Main.storyboard */ = {
			isa = PBXVariantGroup;
			children = (
				603329A4234BB4880013C9E3 /* Base */,
			);
			name = Main.storyboard;
			sourceTree = "<group>";
		};
		603329A8234BB48E0013C9E3 /* LaunchScreen.storyboard */ = {
			isa = PBXVariantGroup;
			children = (
				603329A9234BB48E0013C9E3 /* Base */,
			);
			name = LaunchScreen.storyboard;
			sourceTree = "<group>";
		};
/* End PBXVariantGroup section */

/* Begin XCBuildConfiguration section */
		603329C2234BB48E0013C9E3 /* Debug */ = {
			isa = XCBuildConfiguration;
			buildSettings = {
				ALWAYS_SEARCH_USER_PATHS = NO;
				CLANG_ANALYZER_NONNULL = YES;
				CLANG_ANALYZER_NUMBER_OBJECT_CONVERSION = YES_AGGRESSIVE;
				CLANG_CXX_LANGUAGE_STANDARD = "gnu++14";
				CLANG_CXX_LIBRARY = "libc++";
				CLANG_ENABLE_MODULES = YES;
				CLANG_ENABLE_OBJC_ARC = YES;
				CLANG_ENABLE_OBJC_WEAK = YES;
				CLANG_WARN_BLOCK_CAPTURE_AUTORELEASING = YES;
				CLANG_WARN_BOOL_CONVERSION = YES;
				CLANG_WARN_COMMA = YES;
				CLANG_WARN_CONSTANT_CONVERSION = YES;
				CLANG_WARN_DEPRECATED_OBJC_IMPLEMENTATIONS = YES;
				CLANG_WARN_DIRECT_OBJC_ISA_USAGE = YES_ERROR;
				CLANG_WARN_DOCUMENTATION_COMMENTS = YES;
				CLANG_WARN_EMPTY_BODY = YES;
				CLANG_WARN_ENUM_CONVERSION = YES;
				CLANG_WARN_INFINITE_RECURSION = YES;
				CLANG_WARN_INT_CONVERSION = YES;
				CLANG_WARN_NON_LITERAL_NULL_CONVERSION = YES;
				CLANG_WARN_OBJC_IMPLICIT_RETAIN_SELF = YES;
				CLANG_WARN_OBJC_LITERAL_CONVERSION = YES;
				CLANG_WARN_OBJC_ROOT_CLASS = YES_ERROR;
				CLANG_WARN_RANGE_LOOP_ANALYSIS = YES;
				CLANG_WARN_STRICT_PROTOTYPES = YES;
				CLANG_WARN_SUSPICIOUS_MOVE = YES;
				CLANG_WARN_UNGUARDED_AVAILABILITY = YES_AGGRESSIVE;
				CLANG_WARN_UNREACHABLE_CODE = YES;
				CLANG_WARN__DUPLICATE_METHOD_MATCH = YES;
				COPY_PHASE_STRIP = NO;
				DEBUG_INFORMATION_FORMAT = dwarf;
				ENABLE_STRICT_OBJC_MSGSEND = YES;
				ENABLE_TESTABILITY = YES;
				GCC_C_LANGUAGE_STANDARD = gnu11;
				GCC_DYNAMIC_NO_PIC = NO;
				GCC_NO_COMMON_BLOCKS = YES;
				GCC_OPTIMIZATION_LEVEL = 0;
				GCC_PREPROCESSOR_DEFINITIONS = (
					"DEBUG=1",
					"$(inherited)",
				);
				GCC_WARN_64_TO_32_BIT_CONVERSION = YES;
				GCC_WARN_ABOUT_RETURN_TYPE = YES_ERROR;
				GCC_WARN_UNDECLARED_SELECTOR = YES;
				GCC_WARN_UNINITIALIZED_AUTOS = YES_AGGRESSIVE;
				GCC_WARN_UNUSED_FUNCTION = YES;
				GCC_WARN_UNUSED_VARIABLE = YES;
				IPHONEOS_DEPLOYMENT_TARGET = 13.0;
				MTL_ENABLE_DEBUG_INFO = INCLUDE_SOURCE;
				MTL_FAST_MATH = YES;
				ONLY_ACTIVE_ARCH = YES;
				SDKROOT = iphoneos;
				SWIFT_ACTIVE_COMPILATION_CONDITIONS = DEBUG;
				SWIFT_OPTIMIZATION_LEVEL = "-Onone";
			};
			name = Debug;
		};
		603329C3234BB48E0013C9E3 /* Release */ = {
			isa = XCBuildConfiguration;
			buildSettings = {
				ALWAYS_SEARCH_USER_PATHS = NO;
				CLANG_ANALYZER_NONNULL = YES;
				CLANG_ANALYZER_NUMBER_OBJECT_CONVERSION = YES_AGGRESSIVE;
				CLANG_CXX_LANGUAGE_STANDARD = "gnu++14";
				CLANG_CXX_LIBRARY = "libc++";
				CLANG_ENABLE_MODULES = YES;
				CLANG_ENABLE_OBJC_ARC = YES;
				CLANG_ENABLE_OBJC_WEAK = YES;
				CLANG_WARN_BLOCK_CAPTURE_AUTORELEASING = YES;
				CLANG_WARN_BOOL_CONVERSION = YES;
				CLANG_WARN_COMMA = YES;
				CLANG_WARN_CONSTANT_CONVERSION = YES;
				CLANG_WARN_DEPRECATED_OBJC_IMPLEMENTATIONS = YES;
				CLANG_WARN_DIRECT_OBJC_ISA_USAGE = YES_ERROR;
				CLANG_WARN_DOCUMENTATION_COMMENTS = YES;
				CLANG_WARN_EMPTY_BODY = YES;
				CLANG_WARN_ENUM_CONVERSION = YES;
				CLANG_WARN_INFINITE_RECURSION = YES;
				CLANG_WARN_INT_CONVERSION = YES;
				CLANG_WARN_NON_LITERAL_NULL_CONVERSION = YES;
				CLANG_WARN_OBJC_IMPLICIT_RETAIN_SELF = YES;
				CLANG_WARN_OBJC_LITERAL_CONVERSION = YES;
				CLANG_WARN_OBJC_ROOT_CLASS = YES_ERROR;
				CLANG_WARN_RANGE_LOOP_ANALYSIS = YES;
				CLANG_WARN_STRICT_PROTOTYPES = YES;
				CLANG_WARN_SUSPICIOUS_MOVE = YES;
				CLANG_WARN_UNGUARDED_AVAILABILITY = YES_AGGRESSIVE;
				CLANG_WARN_UNREACHABLE_CODE = YES;
				CLANG_WARN__DUPLICATE_METHOD_MATCH = YES;
				COPY_PHASE_STRIP = NO;
				DEBUG_INFORMATION_FORMAT = "dwarf-with-dsym";
				ENABLE_NS_ASSERTIONS = NO;
				ENABLE_STRICT_OBJC_MSGSEND = YES;
				GCC_C_LANGUAGE_STANDARD = gnu11;
				GCC_NO_COMMON_BLOCKS = YES;
				GCC_WARN_64_TO_32_BIT_CONVERSION = YES;
				GCC_WARN_ABOUT_RETURN_TYPE = YES_ERROR;
				GCC_WARN_UNDECLARED_SELECTOR = YES;
				GCC_WARN_UNINITIALIZED_AUTOS = YES_AGGRESSIVE;
				GCC_WARN_UNUSED_FUNCTION = YES;
				GCC_WARN_UNUSED_VARIABLE = YES;
				IPHONEOS_DEPLOYMENT_TARGET = 13.0;
				MTL_ENABLE_DEBUG_INFO = NO;
				MTL_FAST_MATH = YES;
				SDKROOT = iphoneos;
				SWIFT_COMPILATION_MODE = wholemodule;
				SWIFT_OPTIMIZATION_LEVEL = "-O";
				VALIDATE_PRODUCT = YES;
			};
			name = Release;
		};
		603329C5234BB48E0013C9E3 /* Debug */ = {
			isa = XCBuildConfiguration;
			buildSettings = {
				ASSETCATALOG_COMPILER_APPICON_NAME = AppIcon;
				CODE_SIGN_STYLE = Automatic;
				DEVELOPMENT_TEAM = 2XT26D6263;
				INFOPLIST_FILE = arkit_slider/Info.plist;
				LD_RUNPATH_SEARCH_PATHS = (
					"$(inherited)",
					"@executable_path/Frameworks",
				);
				PRODUCT_BUNDLE_IDENTIFIER = "tanakaLab.arkit-slider";
				PRODUCT_NAME = "$(TARGET_NAME)";
				SWIFT_VERSION = 5.0;
				TARGETED_DEVICE_FAMILY = "1,2";
			};
			name = Debug;
		};
		603329C6234BB48E0013C9E3 /* Release */ = {
			isa = XCBuildConfiguration;
			buildSettings = {
				ASSETCATALOG_COMPILER_APPICON_NAME = AppIcon;
				CODE_SIGN_STYLE = Automatic;
				DEVELOPMENT_TEAM = 2XT26D6263;
				INFOPLIST_FILE = arkit_slider/Info.plist;
				LD_RUNPATH_SEARCH_PATHS = (
					"$(inherited)",
					"@executable_path/Frameworks",
				);
				PRODUCT_BUNDLE_IDENTIFIER = "tanakaLab.arkit-slider";
				PRODUCT_NAME = "$(TARGET_NAME)";
				SWIFT_VERSION = 5.0;
				TARGETED_DEVICE_FAMILY = "1,2";
			};
			name = Release;
		};
		603329C8234BB48E0013C9E3 /* Debug */ = {
			isa = XCBuildConfiguration;
			buildSettings = {
				ALWAYS_EMBED_SWIFT_STANDARD_LIBRARIES = YES;
				BUNDLE_LOADER = "$(TEST_HOST)";
				CODE_SIGN_STYLE = Automatic;
				DEVELOPMENT_TEAM = 2XT26D6263;
				INFOPLIST_FILE = arkit_sliderTests/Info.plist;
				IPHONEOS_DEPLOYMENT_TARGET = 13.0;
				LD_RUNPATH_SEARCH_PATHS = (
					"$(inherited)",
					"@executable_path/Frameworks",
					"@loader_path/Frameworks",
				);
				PRODUCT_BUNDLE_IDENTIFIER = "tanakaLab.arkit-sliderTests";
				PRODUCT_NAME = "$(TARGET_NAME)";
				SWIFT_VERSION = 5.0;
				TARGETED_DEVICE_FAMILY = "1,2";
				TEST_HOST = "$(BUILT_PRODUCTS_DIR)/arkit_slider.app/arkit_slider";
			};
			name = Debug;
		};
		603329C9234BB48E0013C9E3 /* Release */ = {
			isa = XCBuildConfiguration;
			buildSettings = {
				ALWAYS_EMBED_SWIFT_STANDARD_LIBRARIES = YES;
				BUNDLE_LOADER = "$(TEST_HOST)";
				CODE_SIGN_STYLE = Automatic;
				DEVELOPMENT_TEAM = 2XT26D6263;
				INFOPLIST_FILE = arkit_sliderTests/Info.plist;
				IPHONEOS_DEPLOYMENT_TARGET = 13.0;
				LD_RUNPATH_SEARCH_PATHS = (
					"$(inherited)",
					"@executable_path/Frameworks",
					"@loader_path/Frameworks",
				);
				PRODUCT_BUNDLE_IDENTIFIER = "tanakaLab.arkit-sliderTests";
				PRODUCT_NAME = "$(TARGET_NAME)";
				SWIFT_VERSION = 5.0;
				TARGETED_DEVICE_FAMILY = "1,2";
				TEST_HOST = "$(BUILT_PRODUCTS_DIR)/arkit_slider.app/arkit_slider";
			};
			name = Release;
		};
		603329CB234BB48E0013C9E3 /* Debug */ = {
			isa = XCBuildConfiguration;
			buildSettings = {
				ALWAYS_EMBED_SWIFT_STANDARD_LIBRARIES = YES;
				CODE_SIGN_STYLE = Automatic;
				DEVELOPMENT_TEAM = 2XT26D6263;
				INFOPLIST_FILE = arkit_sliderUITests/Info.plist;
				LD_RUNPATH_SEARCH_PATHS = (
					"$(inherited)",
					"@executable_path/Frameworks",
					"@loader_path/Frameworks",
				);
				PRODUCT_BUNDLE_IDENTIFIER = "tanakaLab.arkit-sliderUITests";
				PRODUCT_NAME = "$(TARGET_NAME)";
				SWIFT_VERSION = 5.0;
				TARGETED_DEVICE_FAMILY = "1,2";
				TEST_TARGET_NAME = arkit_slider;
			};
			name = Debug;
		};
		603329CC234BB48E0013C9E3 /* Release */ = {
			isa = XCBuildConfiguration;
			buildSettings = {
				ALWAYS_EMBED_SWIFT_STANDARD_LIBRARIES = YES;
				CODE_SIGN_STYLE = Automatic;
				DEVELOPMENT_TEAM = 2XT26D6263;
				INFOPLIST_FILE = arkit_sliderUITests/Info.plist;
				LD_RUNPATH_SEARCH_PATHS = (
					"$(inherited)",
					"@executable_path/Frameworks",
					"@loader_path/Frameworks",
				);
				PRODUCT_BUNDLE_IDENTIFIER = "tanakaLab.arkit-sliderUITests";
				PRODUCT_NAME = "$(TARGET_NAME)";
				SWIFT_VERSION = 5.0;
				TARGETED_DEVICE_FAMILY = "1,2";
				TEST_TARGET_NAME = arkit_slider;
			};
			name = Release;
		};
/* End XCBuildConfiguration section */

/* Begin XCConfigurationList section */
		60332995234BB4870013C9E3 /* Build configuration list for PBXProject "arkit_slider" */ = {
			isa = XCConfigurationList;
			buildConfigurations = (
				603329C2234BB48E0013C9E3 /* Debug */,
				603329C3234BB48E0013C9E3 /* Release */,
			);
			defaultConfigurationIsVisible = 0;
			defaultConfigurationName = Release;
		};
		603329C4234BB48E0013C9E3 /* Build configuration list for PBXNativeTarget "arkit_slider" */ = {
			isa = XCConfigurationList;
			buildConfigurations = (
				603329C5234BB48E0013C9E3 /* Debug */,
				603329C6234BB48E0013C9E3 /* Release */,
			);
			defaultConfigurationIsVisible = 0;
			defaultConfigurationName = Release;
		};
		603329C7234BB48E0013C9E3 /* Build configuration list for PBXNativeTarget "arkit_sliderTests" */ = {
			isa = XCConfigurationList;
			buildConfigurations = (
				603329C8234BB48E0013C9E3 /* Debug */,
				603329C9234BB48E0013C9E3 /* Release */,
			);
			defaultConfigurationIsVisible = 0;
			defaultConfigurationName = Release;
		};
		603329CA234BB48E0013C9E3 /* Build configuration list for PBXNativeTarget "arkit_sliderUITests" */ = {
			isa = XCConfigurationList;
			buildConfigurations = (
				603329CB234BB48E0013C9E3 /* Debug */,
				603329CC234BB48E0013C9E3 /* Release */,
			);
			defaultConfigurationIsVisible = 0;
			defaultConfigurationName = Release;
		};
/* End XCConfigurationList section */
	};
	rootObject = 60332992234BB4870013C9E3 /* Project object */;
}
