// !$*UTF8*$!
{
	archiveVersion = 1;
	classes = {
	};
	objectVersion = 50;
	objects = {

/* Begin PBXBuildFile section */
		603329DA234C08700013C9E3 /* AppDelegate.swift in Sources */ = {isa = PBXBuildFile; fileRef = 603329D9234C08700013C9E3 /* AppDelegate.swift */; };
		603329DC234C08700013C9E3 /* art.scnassets in Resources */ = {isa = PBXBuildFile; fileRef = 603329DB234C08700013C9E3 /* art.scnassets */; };
		603329DE234C08700013C9E3 /* ViewController.swift in Sources */ = {isa = PBXBuildFile; fileRef = 603329DD234C08700013C9E3 /* ViewController.swift */; };
		603329E1234C08700013C9E3 /* Main.storyboard in Resources */ = {isa = PBXBuildFile; fileRef = 603329DF234C08700013C9E3 /* Main.storyboard */; };
		603329E3234C08720013C9E3 /* Assets.xcassets in Resources */ = {isa = PBXBuildFile; fileRef = 603329E2234C08720013C9E3 /* Assets.xcassets */; };
		603329E6234C08720013C9E3 /* LaunchScreen.storyboard in Resources */ = {isa = PBXBuildFile; fileRef = 603329E4234C08720013C9E3 /* LaunchScreen.storyboard */; };
		603329F1234C08720013C9E3 /* arkit_trafficTests.swift in Sources */ = {isa = PBXBuildFile; fileRef = 603329F0234C08720013C9E3 /* arkit_trafficTests.swift */; };
		603329FC234C08730013C9E3 /* arkit_trafficUITests.swift in Sources */ = {isa = PBXBuildFile; fileRef = 603329FB234C08730013C9E3 /* arkit_trafficUITests.swift */; };
/* End PBXBuildFile section */

/* Begin PBXContainerItemProxy section */
		603329ED234C08720013C9E3 /* PBXContainerItemProxy */ = {
			isa = PBXContainerItemProxy;
			containerPortal = 603329CE234C08700013C9E3 /* Project object */;
			proxyType = 1;
			remoteGlobalIDString = 603329D5234C08700013C9E3;
			remoteInfo = arkit_traffic;
		};
		603329F8234C08730013C9E3 /* PBXContainerItemProxy */ = {
			isa = PBXContainerItemProxy;
			containerPortal = 603329CE234C08700013C9E3 /* Project object */;
			proxyType = 1;
			remoteGlobalIDString = 603329D5234C08700013C9E3;
			remoteInfo = arkit_traffic;
		};
/* End PBXContainerItemProxy section */

/* Begin PBXFileReference section */
		603329D6234C08700013C9E3 /* arkit_traffic.app */ = {isa = PBXFileReference; explicitFileType = wrapper.application; includeInIndex = 0; path = arkit_traffic.app; sourceTree = BUILT_PRODUCTS_DIR; };
		603329D9234C08700013C9E3 /* AppDelegate.swift */ = {isa = PBXFileReference; lastKnownFileType = sourcecode.swift; path = AppDelegate.swift; sourceTree = "<group>"; };
		603329DB234C08700013C9E3 /* art.scnassets */ = {isa = PBXFileReference; lastKnownFileType = wrapper.scnassets; path = art.scnassets; sourceTree = "<group>"; };
		603329DD234C08700013C9E3 /* ViewController.swift */ = {isa = PBXFileReference; lastKnownFileType = sourcecode.swift; path = ViewController.swift; sourceTree = "<group>"; };
		603329E0234C08700013C9E3 /* Base */ = {isa = PBXFileReference; lastKnownFileType = file.storyboard; name = Base; path = Base.lproj/Main.storyboard; sourceTree = "<group>"; };
		603329E2234C08720013C9E3 /* Assets.xcassets */ = {isa = PBXFileReference; lastKnownFileType = folder.assetcatalog; path = Assets.xcassets; sourceTree = "<group>"; };
		603329E5234C08720013C9E3 /* Base */ = {isa = PBXFileReference; lastKnownFileType = file.storyboard; name = Base; path = Base.lproj/LaunchScreen.storyboard; sourceTree = "<group>"; };
		603329E7234C08720013C9E3 /* Info.plist */ = {isa = PBXFileReference; lastKnownFileType = text.plist.xml; path = Info.plist; sourceTree = "<group>"; };
		603329EC234C08720013C9E3 /* arkit_trafficTests.xctest */ = {isa = PBXFileReference; explicitFileType = wrapper.cfbundle; includeInIndex = 0; path = arkit_trafficTests.xctest; sourceTree = BUILT_PRODUCTS_DIR; };
		603329F0234C08720013C9E3 /* arkit_trafficTests.swift */ = {isa = PBXFileReference; lastKnownFileType = sourcecode.swift; path = arkit_trafficTests.swift; sourceTree = "<group>"; };
		603329F2234C08720013C9E3 /* Info.plist */ = {isa = PBXFileReference; lastKnownFileType = text.plist.xml; path = Info.plist; sourceTree = "<group>"; };
		603329F7234C08730013C9E3 /* arkit_trafficUITests.xctest */ = {isa = PBXFileReference; explicitFileType = wrapper.cfbundle; includeInIndex = 0; path = arkit_trafficUITests.xctest; sourceTree = BUILT_PRODUCTS_DIR; };
		603329FB234C08730013C9E3 /* arkit_trafficUITests.swift */ = {isa = PBXFileReference; lastKnownFileType = sourcecode.swift; path = arkit_trafficUITests.swift; sourceTree = "<group>"; };
		603329FD234C08730013C9E3 /* Info.plist */ = {isa = PBXFileReference; lastKnownFileType = text.plist.xml; path = Info.plist; sourceTree = "<group>"; };
/* End PBXFileReference section */

/* Begin PBXFrameworksBuildPhase section */
		603329D3234C08700013C9E3 /* Frameworks */ = {
			isa = PBXFrameworksBuildPhase;
			buildActionMask = 2147483647;
			files = (
			);
			runOnlyForDeploymentPostprocessing = 0;
		};
		603329E9234C08720013C9E3 /* Frameworks */ = {
			isa = PBXFrameworksBuildPhase;
			buildActionMask = 2147483647;
			files = (
			);
			runOnlyForDeploymentPostprocessing = 0;
		};
		603329F4234C08730013C9E3 /* Frameworks */ = {
			isa = PBXFrameworksBuildPhase;
			buildActionMask = 2147483647;
			files = (
			);
			runOnlyForDeploymentPostprocessing = 0;
		};
/* End PBXFrameworksBuildPhase section */

/* Begin PBXGroup section */
		603329CD234C08700013C9E3 = {
			isa = PBXGroup;
			children = (
				603329D8234C08700013C9E3 /* arkit_traffic */,
				603329EF234C08720013C9E3 /* arkit_trafficTests */,
				603329FA234C08730013C9E3 /* arkit_trafficUITests */,
				603329D7234C08700013C9E3 /* Products */,
			);
			sourceTree = "<group>";
		};
		603329D7234C08700013C9E3 /* Products */ = {
			isa = PBXGroup;
			children = (
				603329D6234C08700013C9E3 /* arkit_traffic.app */,
				603329EC234C08720013C9E3 /* arkit_trafficTests.xctest */,
				603329F7234C08730013C9E3 /* arkit_trafficUITests.xctest */,
			);
			name = Products;
			sourceTree = "<group>";
		};
		603329D8234C08700013C9E3 /* arkit_traffic */ = {
			isa = PBXGroup;
			children = (
				603329D9234C08700013C9E3 /* AppDelegate.swift */,
				603329DB234C08700013C9E3 /* art.scnassets */,
				603329DD234C08700013C9E3 /* ViewController.swift */,
				603329DF234C08700013C9E3 /* Main.storyboard */,
				603329E2234C08720013C9E3 /* Assets.xcassets */,
				603329E4234C08720013C9E3 /* LaunchScreen.storyboard */,
				603329E7234C08720013C9E3 /* Info.plist */,
			);
			path = arkit_traffic;
			sourceTree = "<group>";
		};
		603329EF234C08720013C9E3 /* arkit_trafficTests */ = {
			isa = PBXGroup;
			children = (
				603329F0234C08720013C9E3 /* arkit_trafficTests.swift */,
				603329F2234C08720013C9E3 /* Info.plist */,
			);
			path = arkit_trafficTests;
			sourceTree = "<group>";
		};
		603329FA234C08730013C9E3 /* arkit_trafficUITests */ = {
			isa = PBXGroup;
			children = (
				603329FB234C08730013C9E3 /* arkit_trafficUITests.swift */,
				603329FD234C08730013C9E3 /* Info.plist */,
			);
			path = arkit_trafficUITests;
			sourceTree = "<group>";
		};
/* End PBXGroup section */

/* Begin PBXNativeTarget section */
		603329D5234C08700013C9E3 /* arkit_traffic */ = {
			isa = PBXNativeTarget;
			buildConfigurationList = 60332A00234C08730013C9E3 /* Build configuration list for PBXNativeTarget "arkit_traffic" */;
			buildPhases = (
				603329D2234C08700013C9E3 /* Sources */,
				603329D3234C08700013C9E3 /* Frameworks */,
				603329D4234C08700013C9E3 /* Resources */,
			);
			buildRules = (
			);
			dependencies = (
			);
			name = arkit_traffic;
			productName = arkit_traffic;
			productReference = 603329D6234C08700013C9E3 /* arkit_traffic.app */;
			productType = "com.apple.product-type.application";
		};
		603329EB234C08720013C9E3 /* arkit_trafficTests */ = {
			isa = PBXNativeTarget;
			buildConfigurationList = 60332A03234C08730013C9E3 /* Build configuration list for PBXNativeTarget "arkit_trafficTests" */;
			buildPhases = (
				603329E8234C08720013C9E3 /* Sources */,
				603329E9234C08720013C9E3 /* Frameworks */,
				603329EA234C08720013C9E3 /* Resources */,
			);
			buildRules = (
			);
			dependencies = (
				603329EE234C08720013C9E3 /* PBXTargetDependency */,
			);
			name = arkit_trafficTests;
			productName = arkit_trafficTests;
			productReference = 603329EC234C08720013C9E3 /* arkit_trafficTests.xctest */;
			productType = "com.apple.product-type.bundle.unit-test";
		};
		603329F6234C08730013C9E3 /* arkit_trafficUITests */ = {
			isa = PBXNativeTarget;
			buildConfigurationList = 60332A06234C08730013C9E3 /* Build configuration list for PBXNativeTarget "arkit_trafficUITests" */;
			buildPhases = (
				603329F3234C08730013C9E3 /* Sources */,
				603329F4234C08730013C9E3 /* Frameworks */,
				603329F5234C08730013C9E3 /* Resources */,
			);
			buildRules = (
			);
			dependencies = (
				603329F9234C08730013C9E3 /* PBXTargetDependency */,
			);
			name = arkit_trafficUITests;
			productName = arkit_trafficUITests;
			productReference = 603329F7234C08730013C9E3 /* arkit_trafficUITests.xctest */;
			productType = "com.apple.product-type.bundle.ui-testing";
		};
/* End PBXNativeTarget section */

/* Begin PBXProject section */
		603329CE234C08700013C9E3 /* Project object */ = {
			isa = PBXProject;
			attributes = {
				LastSwiftUpdateCheck = 1100;
				LastUpgradeCheck = 1100;
				ORGANIZATIONNAME = ksk;
				TargetAttributes = {
					603329D5234C08700013C9E3 = {
						CreatedOnToolsVersion = 11.0;
					};
					603329EB234C08720013C9E3 = {
						CreatedOnToolsVersion = 11.0;
						TestTargetID = 603329D5234C08700013C9E3;
					};
					603329F6234C08730013C9E3 = {
						CreatedOnToolsVersion = 11.0;
						TestTargetID = 603329D5234C08700013C9E3;
					};
				};
			};
			buildConfigurationList = 603329D1234C08700013C9E3 /* Build configuration list for PBXProject "arkit_traffic" */;
			compatibilityVersion = "Xcode 9.3";
			developmentRegion = en;
			hasScannedForEncodings = 0;
			knownRegions = (
				en,
				Base,
			);
			mainGroup = 603329CD234C08700013C9E3;
			productRefGroup = 603329D7234C08700013C9E3 /* Products */;
			projectDirPath = "";
			projectRoot = "";
			targets = (
				603329D5234C08700013C9E3 /* arkit_traffic */,
				603329EB234C08720013C9E3 /* arkit_trafficTests */,
				603329F6234C08730013C9E3 /* arkit_trafficUITests */,
			);
		};
/* End PBXProject section */

/* Begin PBXResourcesBuildPhase section */
		603329D4234C08700013C9E3 /* Resources */ = {
			isa = PBXResourcesBuildPhase;
			buildActionMask = 2147483647;
			files = (
				603329DC234C08700013C9E3 /* art.scnassets in Resources */,
				603329E6234C08720013C9E3 /* LaunchScreen.storyboard in Resources */,
				603329E3234C08720013C9E3 /* Assets.xcassets in Resources */,
				603329E1234C08700013C9E3 /* Main.storyboard in Resources */,
			);
			runOnlyForDeploymentPostprocessing = 0;
		};
		603329EA234C08720013C9E3 /* Resources */ = {
			isa = PBXResourcesBuildPhase;
			buildActionMask = 2147483647;
			files = (
			);
			runOnlyForDeploymentPostprocessing = 0;
		};
		603329F5234C08730013C9E3 /* Resources */ = {
			isa = PBXResourcesBuildPhase;
			buildActionMask = 2147483647;
			files = (
			);
			runOnlyForDeploymentPostprocessing = 0;
		};
/* End PBXResourcesBuildPhase section */

/* Begin PBXSourcesBuildPhase section */
		603329D2234C08700013C9E3 /* Sources */ = {
			isa = PBXSourcesBuildPhase;
			buildActionMask = 2147483647;
			files = (
				603329DE234C08700013C9E3 /* ViewController.swift in Sources */,
				603329DA234C08700013C9E3 /* AppDelegate.swift in Sources */,
			);
			runOnlyForDeploymentPostprocessing = 0;
		};
		603329E8234C08720013C9E3 /* Sources */ = {
			isa = PBXSourcesBuildPhase;
			buildActionMask = 2147483647;
			files = (
				603329F1234C08720013C9E3 /* arkit_trafficTests.swift in Sources */,
			);
			runOnlyForDeploymentPostprocessing = 0;
		};
		603329F3234C08730013C9E3 /* Sources */ = {
			isa = PBXSourcesBuildPhase;
			buildActionMask = 2147483647;
			files = (
				603329FC234C08730013C9E3 /* arkit_trafficUITests.swift in Sources */,
			);
			runOnlyForDeploymentPostprocessing = 0;
		};
/* End PBXSourcesBuildPhase section */

/* Begin PBXTargetDependency section */
		603329EE234C08720013C9E3 /* PBXTargetDependency */ = {
			isa = PBXTargetDependency;
			target = 603329D5234C08700013C9E3 /* arkit_traffic */;
			targetProxy = 603329ED234C08720013C9E3 /* PBXContainerItemProxy */;
		};
		603329F9234C08730013C9E3 /* PBXTargetDependency */ = {
			isa = PBXTargetDependency;
			target = 603329D5234C08700013C9E3 /* arkit_traffic */;
			targetProxy = 603329F8234C08730013C9E3 /* PBXContainerItemProxy */;
		};
/* End PBXTargetDependency section */

/* Begin PBXVariantGroup section */
		603329DF234C08700013C9E3 /* Main.storyboard */ = {
			isa = PBXVariantGroup;
			children = (
				603329E0234C08700013C9E3 /* Base */,
			);
			name = Main.storyboard;
			sourceTree = "<group>";
		};
		603329E4234C08720013C9E3 /* LaunchScreen.storyboard */ = {
			isa = PBXVariantGroup;
			children = (
				603329E5234C08720013C9E3 /* Base */,
			);
			name = LaunchScreen.storyboard;
			sourceTree = "<group>";
		};
/* End PBXVariantGroup section */

/* Begin XCBuildConfiguration section */
		603329FE234C08730013C9E3 /* Debug */ = {
			isa = XCBuildConfiguration;
			buildSettings = {
				ALWAYS_SEARCH_USER_PATHS = NO;
				CLANG_ANALYZER_NONNULL = YES;
				CLANG_ANALYZER_NUMBER_OBJECT_CONVERSION = YES_AGGRESSIVE;
				CLANG_CXX_LANGUAGE_STANDARD = "gnu++14";
				CLANG_CXX_LIBRARY = "libc++";
				CLANG_ENABLE_MODULES = YES;
				CLANG_ENABLE_OBJC_ARC = YES;
				CLANG_ENABLE_OBJC_WEAK = YES;
				CLANG_WARN_BLOCK_CAPTURE_AUTORELEASING = YES;
				CLANG_WARN_BOOL_CONVERSION = YES;
				CLANG_WARN_COMMA = YES;
				CLANG_WARN_CONSTANT_CONVERSION = YES;
				CLANG_WARN_DEPRECATED_OBJC_IMPLEMENTATIONS = YES;
				CLANG_WARN_DIRECT_OBJC_ISA_USAGE = YES_ERROR;
				CLANG_WARN_DOCUMENTATION_COMMENTS = YES;
				CLANG_WARN_EMPTY_BODY = YES;
				CLANG_WARN_ENUM_CONVERSION = YES;
				CLANG_WARN_INFINITE_RECURSION = YES;
				CLANG_WARN_INT_CONVERSION = YES;
				CLANG_WARN_NON_LITERAL_NULL_CONVERSION = YES;
				CLANG_WARN_OBJC_IMPLICIT_RETAIN_SELF = YES;
				CLANG_WARN_OBJC_LITERAL_CONVERSION = YES;
				CLANG_WARN_OBJC_ROOT_CLASS = YES_ERROR;
				CLANG_WARN_RANGE_LOOP_ANALYSIS = YES;
				CLANG_WARN_STRICT_PROTOTYPES = YES;
				CLANG_WARN_SUSPICIOUS_MOVE = YES;
				CLANG_WARN_UNGUARDED_AVAILABILITY = YES_AGGRESSIVE;
				CLANG_WARN_UNREACHABLE_CODE = YES;
				CLANG_WARN__DUPLICATE_METHOD_MATCH = YES;
				COPY_PHASE_STRIP = NO;
				DEBUG_INFORMATION_FORMAT = dwarf;
				ENABLE_STRICT_OBJC_MSGSEND = YES;
				ENABLE_TESTABILITY = YES;
				GCC_C_LANGUAGE_STANDARD = gnu11;
				GCC_DYNAMIC_NO_PIC = NO;
				GCC_NO_COMMON_BLOCKS = YES;
				GCC_OPTIMIZATION_LEVEL = 0;
				GCC_PREPROCESSOR_DEFINITIONS = (
					"DEBUG=1",
					"$(inherited)",
				);
				GCC_WARN_64_TO_32_BIT_CONVERSION = YES;
				GCC_WARN_ABOUT_RETURN_TYPE = YES_ERROR;
				GCC_WARN_UNDECLARED_SELECTOR = YES;
				GCC_WARN_UNINITIALIZED_AUTOS = YES_AGGRESSIVE;
				GCC_WARN_UNUSED_FUNCTION = YES;
				GCC_WARN_UNUSED_VARIABLE = YES;
				IPHONEOS_DEPLOYMENT_TARGET = 13.0;
				MTL_ENABLE_DEBUG_INFO = INCLUDE_SOURCE;
				MTL_FAST_MATH = YES;
				ONLY_ACTIVE_ARCH = YES;
				SDKROOT = iphoneos;
				SWIFT_ACTIVE_COMPILATION_CONDITIONS = DEBUG;
				SWIFT_OPTIMIZATION_LEVEL = "-Onone";
			};
			name = Debug;
		};
		603329FF234C08730013C9E3 /* Release */ = {
			isa = XCBuildConfiguration;
			buildSettings = {
				ALWAYS_SEARCH_USER_PATHS = NO;
				CLANG_ANALYZER_NONNULL = YES;
				CLANG_ANALYZER_NUMBER_OBJECT_CONVERSION = YES_AGGRESSIVE;
				CLANG_CXX_LANGUAGE_STANDARD = "gnu++14";
				CLANG_CXX_LIBRARY = "libc++";
				CLANG_ENABLE_MODULES = YES;
				CLANG_ENABLE_OBJC_ARC = YES;
				CLANG_ENABLE_OBJC_WEAK = YES;
				CLANG_WARN_BLOCK_CAPTURE_AUTORELEASING = YES;
				CLANG_WARN_BOOL_CONVERSION = YES;
				CLANG_WARN_COMMA = YES;
				CLANG_WARN_CONSTANT_CONVERSION = YES;
				CLANG_WARN_DEPRECATED_OBJC_IMPLEMENTATIONS = YES;
				CLANG_WARN_DIRECT_OBJC_ISA_USAGE = YES_ERROR;
				CLANG_WARN_DOCUMENTATION_COMMENTS = YES;
				CLANG_WARN_EMPTY_BODY = YES;
				CLANG_WARN_ENUM_CONVERSION = YES;
				CLANG_WARN_INFINITE_RECURSION = YES;
				CLANG_WARN_INT_CONVERSION = YES;
				CLANG_WARN_NON_LITERAL_NULL_CONVERSION = YES;
				CLANG_WARN_OBJC_IMPLICIT_RETAIN_SELF = YES;
				CLANG_WARN_OBJC_LITERAL_CONVERSION = YES;
				CLANG_WARN_OBJC_ROOT_CLASS = YES_ERROR;
				CLANG_WARN_RANGE_LOOP_ANALYSIS = YES;
				CLANG_WARN_STRICT_PROTOTYPES = YES;
				CLANG_WARN_SUSPICIOUS_MOVE = YES;
				CLANG_WARN_UNGUARDED_AVAILABILITY = YES_AGGRESSIVE;
				CLANG_WARN_UNREACHABLE_CODE = YES;
				CLANG_WARN__DUPLICATE_METHOD_MATCH = YES;
				COPY_PHASE_STRIP = NO;
				DEBUG_INFORMATION_FORMAT = "dwarf-with-dsym";
				ENABLE_NS_ASSERTIONS = NO;
				ENABLE_STRICT_OBJC_MSGSEND = YES;
				GCC_C_LANGUAGE_STANDARD = gnu11;
				GCC_NO_COMMON_BLOCKS = YES;
				GCC_WARN_64_TO_32_BIT_CONVERSION = YES;
				GCC_WARN_ABOUT_RETURN_TYPE = YES_ERROR;
				GCC_WARN_UNDECLARED_SELECTOR = YES;
				GCC_WARN_UNINITIALIZED_AUTOS = YES_AGGRESSIVE;
				GCC_WARN_UNUSED_FUNCTION = YES;
				GCC_WARN_UNUSED_VARIABLE = YES;
				IPHONEOS_DEPLOYMENT_TARGET = 13.0;
				MTL_ENABLE_DEBUG_INFO = NO;
				MTL_FAST_MATH = YES;
				SDKROOT = iphoneos;
				SWIFT_COMPILATION_MODE = wholemodule;
				SWIFT_OPTIMIZATION_LEVEL = "-O";
				VALIDATE_PRODUCT = YES;
			};
			name = Release;
		};
		60332A01234C08730013C9E3 /* Debug */ = {
			isa = XCBuildConfiguration;
			buildSettings = {
				ASSETCATALOG_COMPILER_APPICON_NAME = AppIcon;
				CODE_SIGN_STYLE = Automatic;
				DEVELOPMENT_TEAM = 2XT26D6263;
				INFOPLIST_FILE = arkit_traffic/Info.plist;
				LD_RUNPATH_SEARCH_PATHS = (
					"$(inherited)",
					"@executable_path/Frameworks",
				);
				PRODUCT_BUNDLE_IDENTIFIER = "tanakaLab.arkit-traffic";
				PRODUCT_NAME = "$(TARGET_NAME)";
				SWIFT_VERSION = 5.0;
				TARGETED_DEVICE_FAMILY = "1,2";
			};
			name = Debug;
		};
		60332A02234C08730013C9E3 /* Release */ = {
			isa = XCBuildConfiguration;
			buildSettings = {
				ASSETCATALOG_COMPILER_APPICON_NAME = AppIcon;
				CODE_SIGN_STYLE = Automatic;
				DEVELOPMENT_TEAM = 2XT26D6263;
				INFOPLIST_FILE = arkit_traffic/Info.plist;
				LD_RUNPATH_SEARCH_PATHS = (
					"$(inherited)",
					"@executable_path/Frameworks",
				);
				PRODUCT_BUNDLE_IDENTIFIER = "tanakaLab.arkit-traffic";
				PRODUCT_NAME = "$(TARGET_NAME)";
				SWIFT_VERSION = 5.0;
				TARGETED_DEVICE_FAMILY = "1,2";
			};
			name = Release;
		};
		60332A04234C08730013C9E3 /* Debug */ = {
			isa = XCBuildConfiguration;
			buildSettings = {
				ALWAYS_EMBED_SWIFT_STANDARD_LIBRARIES = YES;
				BUNDLE_LOADER = "$(TEST_HOST)";
				CODE_SIGN_STYLE = Automatic;
				DEVELOPMENT_TEAM = 2XT26D6263;
				INFOPLIST_FILE = arkit_trafficTests/Info.plist;
				IPHONEOS_DEPLOYMENT_TARGET = 13.0;
				LD_RUNPATH_SEARCH_PATHS = (
					"$(inherited)",
					"@executable_path/Frameworks",
					"@loader_path/Frameworks",
				);
				PRODUCT_BUNDLE_IDENTIFIER = "tanakaLab.arkit-trafficTests";
				PRODUCT_NAME = "$(TARGET_NAME)";
				SWIFT_VERSION = 5.0;
				TARGETED_DEVICE_FAMILY = "1,2";
				TEST_HOST = "$(BUILT_PRODUCTS_DIR)/arkit_traffic.app/arkit_traffic";
			};
			name = Debug;
		};
		60332A05234C08730013C9E3 /* Release */ = {
			isa = XCBuildConfiguration;
			buildSettings = {
				ALWAYS_EMBED_SWIFT_STANDARD_LIBRARIES = YES;
				BUNDLE_LOADER = "$(TEST_HOST)";
				CODE_SIGN_STYLE = Automatic;
				DEVELOPMENT_TEAM = 2XT26D6263;
				INFOPLIST_FILE = arkit_trafficTests/Info.plist;
				IPHONEOS_DEPLOYMENT_TARGET = 13.0;
				LD_RUNPATH_SEARCH_PATHS = (
					"$(inherited)",
					"@executable_path/Frameworks",
					"@loader_path/Frameworks",
				);
				PRODUCT_BUNDLE_IDENTIFIER = "tanakaLab.arkit-trafficTests";
				PRODUCT_NAME = "$(TARGET_NAME)";
				SWIFT_VERSION = 5.0;
				TARGETED_DEVICE_FAMILY = "1,2";
				TEST_HOST = "$(BUILT_PRODUCTS_DIR)/arkit_traffic.app/arkit_traffic";
			};
			name = Release;
		};
		60332A07234C08730013C9E3 /* Debug */ = {
			isa = XCBuildConfiguration;
			buildSettings = {
				ALWAYS_EMBED_SWIFT_STANDARD_LIBRARIES = YES;
				CODE_SIGN_STYLE = Automatic;
				DEVELOPMENT_TEAM = 2XT26D6263;
				INFOPLIST_FILE = arkit_trafficUITests/Info.plist;
				LD_RUNPATH_SEARCH_PATHS = (
					"$(inherited)",
					"@executable_path/Frameworks",
					"@loader_path/Frameworks",
				);
				PRODUCT_BUNDLE_IDENTIFIER = "tanakaLab.arkit-trafficUITests";
				PRODUCT_NAME = "$(TARGET_NAME)";
				SWIFT_VERSION = 5.0;
				TARGETED_DEVICE_FAMILY = "1,2";
				TEST_TARGET_NAME = arkit_traffic;
			};
			name = Debug;
		};
		60332A08234C08730013C9E3 /* Release */ = {
			isa = XCBuildConfiguration;
			buildSettings = {
				ALWAYS_EMBED_SWIFT_STANDARD_LIBRARIES = YES;
				CODE_SIGN_STYLE = Automatic;
				DEVELOPMENT_TEAM = 2XT26D6263;
				INFOPLIST_FILE = arkit_trafficUITests/Info.plist;
				LD_RUNPATH_SEARCH_PATHS = (
					"$(inherited)",
					"@executable_path/Frameworks",
					"@loader_path/Frameworks",
				);
				PRODUCT_BUNDLE_IDENTIFIER = "tanakaLab.arkit-trafficUITests";
				PRODUCT_NAME = "$(TARGET_NAME)";
				SWIFT_VERSION = 5.0;
				TARGETED_DEVICE_FAMILY = "1,2";
				TEST_TARGET_NAME = arkit_traffic;
			};
			name = Release;
		};
/* End XCBuildConfiguration section */

/* Begin XCConfigurationList section */
		603329D1234C08700013C9E3 /* Build configuration list for PBXProject "arkit_traffic" */ = {
			isa = XCConfigurationList;
			buildConfigurations = (
				603329FE234C08730013C9E3 /* Debug */,
				603329FF234C08730013C9E3 /* Release */,
			);
			defaultConfigurationIsVisible = 0;
			defaultConfigurationName = Release;
		};
		60332A00234C08730013C9E3 /* Build configuration list for PBXNativeTarget "arkit_traffic" */ = {
			isa = XCConfigurationList;
			buildConfigurations = (
				60332A01234C08730013C9E3 /* Debug */,
				60332A02234C08730013C9E3 /* Release */,
			);
			defaultConfigurationIsVisible = 0;
			defaultConfigurationName = Release;
		};
		60332A03234C08730013C9E3 /* Build configuration list for PBXNativeTarget "arkit_trafficTests" */ = {
			isa = XCConfigurationList;
			buildConfigurations = (
				60332A04234C08730013C9E3 /* Debug */,
				60332A05234C08730013C9E3 /* Release */,
			);
			defaultConfigurationIsVisible = 0;
			defaultConfigurationName = Release;
		};
		60332A06234C08730013C9E3 /* Build configuration list for PBXNativeTarget "arkit_trafficUITests" */ = {
			isa = XCConfigurationList;
			buildConfigurations = (
				60332A07234C08730013C9E3 /* Debug */,
				60332A08234C08730013C9E3 /* Release */,
			);
			defaultConfigurationIsVisible = 0;
			defaultConfigurationName = Release;
		};
/* End XCConfigurationList section */
	};
	rootObject = 603329CE234C08700013C9E3 /* Project object */;
}
